
Microsoft Visual Studio Solution File, Format Version 12.00
# Visual Studio Version 17
VisualStudioVersion = 17.2.32630.192
MinimumVisualStudioVersion = 10.0.40219.1
Project("{9A19103F-16F7-4668-BE54-9A1E7A4F7556}") = "R5T.NG0023.Construction", "R5T.NG0023.Construction\R5T.NG0023.Construction.csproj", "{78202D41-D257-434E-ABC7-393A9BE4FA3D}"
EndProject
Project("{9A19103F-16F7-4668-BE54-9A1E7A4F7556}") = "R5T.NG0023", "R5T.NG0023\R5T.NG0023.csproj", "{6512B258-5C8C-477F-A70A-44BEE4F5C370}"
EndProject
Global
	GlobalSection(SolutionConfigurationPlatforms) = preSolution
		Debug|Any CPU = Debug|Any CPU
		Release|Any CPU = Release|Any CPU
	EndGlobalSection
	GlobalSection(ProjectConfigurationPlatforms) = postSolution
		{78202D41-D257-434E-ABC7-393A9BE4FA3D}.Debug|Any CPU.ActiveCfg = Debug|Any CPU
		{78202D41-D257-434E-ABC7-393A9BE4FA3D}.Debug|Any CPU.Build.0 = Debug|Any CPU
		{78202D41-D257-434E-ABC7-393A9BE4FA3D}.Release|Any CPU.ActiveCfg = Release|Any CPU
		{78202D41-D257-434E-ABC7-393A9BE4FA3D}.Release|Any CPU.Build.0 = Release|Any CPU
		{6512B258-5C8C-477F-A70A-44BEE4F5C370}.Debug|Any CPU.ActiveCfg = Debug|Any CPU
		{6512B258-5C8C-477F-A70A-44BEE4F5C370}.Debug|Any CPU.Build.0 = Debug|Any CPU
		{6512B258-5C8C-477F-A70A-44BEE4F5C370}.Release|Any CPU.ActiveCfg = Release|Any CPU
		{6512B258-5C8C-477F-A70A-44BEE4F5C370}.Release|Any CPU.Build.0 = Release|Any CPU
	EndGlobalSection
	GlobalSection(SolutionProperties) = preSolution
		HideSolutionNode = FALSE
	EndGlobalSection
	GlobalSection(ExtensibilityGlobals) = postSolution
		SolutionGuid = {8CFE0E43-2C25-4482-A47E-F6E7B08EB067}
	EndGlobalSection
EndGlobal
